// !$*UTF8*$!
{
	archiveVersion = 1;
	classes = {
	};
	objectVersion = 46;
	objects = {

/* Begin PBXBuildFile section */
		0AACDABE19392CB3008F35FA /* NIKAccountApi.m in Sources */ = {isa = PBXBuildFile; fileRef = 0AACDA6F19392CB3008F35FA /* NIKAccountApi.m */; };
		0AACDABF19392CB3008F35FA /* NIKApiInvoker.m in Sources */ = {isa = PBXBuildFile; fileRef = 0AACDA7119392CB3008F35FA /* NIKApiInvoker.m */; };
		0AACDAC019392CB3008F35FA /* NIKApiTokenStatus.m in Sources */ = {isa = PBXBuildFile; fileRef = 0AACDA7319392CB3008F35FA /* NIKApiTokenStatus.m */; };
		0AACDAC119392CB3008F35FA /* NIKAudioFile.m in Sources */ = {isa = PBXBuildFile; fileRef = 0AACDA7519392CB3008F35FA /* NIKAudioFile.m */; };
		0AACDAC219392CB3008F35FA /* NIKAuthenticationToken.m in Sources */ = {isa = PBXBuildFile; fileRef = 0AACDA7719392CB3008F35FA /* NIKAuthenticationToken.m */; };
		0AACDAC319392CB3008F35FA /* NIKBigram.m in Sources */ = {isa = PBXBuildFile; fileRef = 0AACDA7919392CB3008F35FA /* NIKBigram.m */; };
		0AACDAC419392CB3008F35FA /* NIKCitation.m in Sources */ = {isa = PBXBuildFile; fileRef = 0AACDA7B19392CB3008F35FA /* NIKCitation.m */; };
		0AACDAC519392CB3008F35FA /* NIKContentProvider.m in Sources */ = {isa = PBXBuildFile; fileRef = 0AACDA7D19392CB3008F35FA /* NIKContentProvider.m */; };
		0AACDAC619392CB3008F35FA /* NIKDate.m in Sources */ = {isa = PBXBuildFile; fileRef = 0AACDA7F19392CB3008F35FA /* NIKDate.m */; };
		0AACDAC719392CB3008F35FA /* NIKDefinition.m in Sources */ = {isa = PBXBuildFile; fileRef = 0AACDA8119392CB3008F35FA /* NIKDefinition.m */; };
		0AACDAC819392CB3008F35FA /* NIKDefinitionSearchResults.m in Sources */ = {isa = PBXBuildFile; fileRef = 0AACDA8319392CB3008F35FA /* NIKDefinitionSearchResults.m */; };
		0AACDAC919392CB3008F35FA /* NIKExample.m in Sources */ = {isa = PBXBuildFile; fileRef = 0AACDA8519392CB3008F35FA /* NIKExample.m */; };
		0AACDACA19392CB3008F35FA /* NIKExampleSearchResults.m in Sources */ = {isa = PBXBuildFile; fileRef = 0AACDA8719392CB3008F35FA /* NIKExampleSearchResults.m */; };
		0AACDACB19392CB3008F35FA /* NIKExampleUsage.m in Sources */ = {isa = PBXBuildFile; fileRef = 0AACDA8919392CB3008F35FA /* NIKExampleUsage.m */; };
		0AACDACC19392CB3008F35FA /* NIKFacet.m in Sources */ = {isa = PBXBuildFile; fileRef = 0AACDA8B19392CB3008F35FA /* NIKFacet.m */; };
		0AACDACD19392CB3008F35FA /* NIKFacetValue.m in Sources */ = {isa = PBXBuildFile; fileRef = 0AACDA8D19392CB3008F35FA /* NIKFacetValue.m */; };
		0AACDACE19392CB3008F35FA /* NIKFrequency.m in Sources */ = {isa = PBXBuildFile; fileRef = 0AACDA8F19392CB3008F35FA /* NIKFrequency.m */; };
		0AACDACF19392CB3008F35FA /* NIKFrequencySummary.m in Sources */ = {isa = PBXBuildFile; fileRef = 0AACDA9119392CB3008F35FA /* NIKFrequencySummary.m */; };
		0AACDAD019392CB3008F35FA /* NIKLabel.m in Sources */ = {isa = PBXBuildFile; fileRef = 0AACDA9319392CB3008F35FA /* NIKLabel.m */; };
		0AACDAD119392CB3008F35FA /* NIKNote.m in Sources */ = {isa = PBXBuildFile; fileRef = 0AACDA9519392CB3008F35FA /* NIKNote.m */; };
		0AACDAD219392CB3008F35FA /* NIKRelated.m in Sources */ = {isa = PBXBuildFile; fileRef = 0AACDA9719392CB3008F35FA /* NIKRelated.m */; };
		0AACDAD319392CB3008F35FA /* NIKScoredWord.m in Sources */ = {isa = PBXBuildFile; fileRef = 0AACDA9919392CB3008F35FA /* NIKScoredWord.m */; };
		0AACDAD419392CB3008F35FA /* NIKSentence.m in Sources */ = {isa = PBXBuildFile; fileRef = 0AACDA9B19392CB3008F35FA /* NIKSentence.m */; };
		0AACDAD519392CB3008F35FA /* NIKSimpleDefinition.m in Sources */ = {isa = PBXBuildFile; fileRef = 0AACDA9D19392CB3008F35FA /* NIKSimpleDefinition.m */; };
		0AACDAD619392CB3008F35FA /* NIKSimpleExample.m in Sources */ = {isa = PBXBuildFile; fileRef = 0AACDA9F19392CB3008F35FA /* NIKSimpleExample.m */; };
		0AACDAD719392CB3008F35FA /* NIKStringValue.m in Sources */ = {isa = PBXBuildFile; fileRef = 0AACDAA119392CB3008F35FA /* NIKStringValue.m */; };
		0AACDAD819392CB3008F35FA /* NIKSwaggerObject.m in Sources */ = {isa = PBXBuildFile; fileRef = 0AACDAA319392CB3008F35FA /* NIKSwaggerObject.m */; };
		0AACDAD919392CB3008F35FA /* NIKSyllable.m in Sources */ = {isa = PBXBuildFile; fileRef = 0AACDAA519392CB3008F35FA /* NIKSyllable.m */; };
		0AACDADA19392CB3008F35FA /* NIKTextPron.m in Sources */ = {isa = PBXBuildFile; fileRef = 0AACDAA719392CB3008F35FA /* NIKTextPron.m */; };
		0AACDADB19392CB3008F35FA /* NIKUser.m in Sources */ = {isa = PBXBuildFile; fileRef = 0AACDAA919392CB3008F35FA /* NIKUser.m */; };
		0AACDADC19392CB3008F35FA /* NIKWordApi.m in Sources */ = {isa = PBXBuildFile; fileRef = 0AACDAAB19392CB3008F35FA /* NIKWordApi.m */; };
		0AACDADD19392CB3008F35FA /* NIKWordList.m in Sources */ = {isa = PBXBuildFile; fileRef = 0AACDAAD19392CB3008F35FA /* NIKWordList.m */; };
		0AACDADE19392CB3008F35FA /* NIKWordListApi.m in Sources */ = {isa = PBXBuildFile; fileRef = 0AACDAAF19392CB3008F35FA /* NIKWordListApi.m */; };
		0AACDADF19392CB3008F35FA /* NIKWordListsApi.m in Sources */ = {isa = PBXBuildFile; fileRef = 0AACDAB119392CB3008F35FA /* NIKWordListsApi.m */; };
		0AACDAE019392CB3008F35FA /* NIKWordListWord.m in Sources */ = {isa = PBXBuildFile; fileRef = 0AACDAB319392CB3008F35FA /* NIKWordListWord.m */; };
		0AACDAE119392CB3008F35FA /* NIKWordObject.m in Sources */ = {isa = PBXBuildFile; fileRef = 0AACDAB519392CB3008F35FA /* NIKWordObject.m */; };
		0AACDAE219392CB3008F35FA /* NIKWordOfTheDay.m in Sources */ = {isa = PBXBuildFile; fileRef = 0AACDAB719392CB3008F35FA /* NIKWordOfTheDay.m */; };
		0AACDAE319392CB3008F35FA /* NIKWordsApi.m in Sources */ = {isa = PBXBuildFile; fileRef = 0AACDAB919392CB3008F35FA /* NIKWordsApi.m */; };
		0AACDAE419392CB3008F35FA /* NIKWordSearchResult.m in Sources */ = {isa = PBXBuildFile; fileRef = 0AACDABB19392CB3008F35FA /* NIKWordSearchResult.m */; };
		0AACDAE519392CB3008F35FA /* NIKWordSearchResults.m in Sources */ = {isa = PBXBuildFile; fileRef = 0AACDABD19392CB3008F35FA /* NIKWordSearchResults.m */; };
		276D8C6A190460660016E263 /* Foundation.framework in Frameworks */ = {isa = PBXBuildFile; fileRef = 276D8C69190460660016E263 /* Foundation.framework */; };
		276D8C6C190460660016E263 /* CoreGraphics.framework in Frameworks */ = {isa = PBXBuildFile; fileRef = 276D8C6B190460660016E263 /* CoreGraphics.framework */; };
		276D8C6E190460660016E263 /* UIKit.framework in Frameworks */ = {isa = PBXBuildFile; fileRef = 276D8C6D190460660016E263 /* UIKit.framework */; };
		276D8C74190460660016E263 /* InfoPlist.strings in Resources */ = {isa = PBXBuildFile; fileRef = 276D8C72190460660016E263 /* InfoPlist.strings */; };
		276D8C76190460660016E263 /* main.m in Sources */ = {isa = PBXBuildFile; fileRef = 276D8C75190460660016E263 /* main.m */; };
		276D8C7A190460660016E263 /* AppDelegate.m in Sources */ = {isa = PBXBuildFile; fileRef = 276D8C79190460660016E263 /* AppDelegate.m */; };
		276D8C7D190460660016E263 /* Main.storyboard in Resources */ = {isa = PBXBuildFile; fileRef = 276D8C7B190460660016E263 /* Main.storyboard */; };
		276D8C80190460660016E263 /* ViewController.m in Sources */ = {isa = PBXBuildFile; fileRef = 276D8C7F190460660016E263 /* ViewController.m */; };
		276D8C82190460660016E263 /* Images.xcassets in Resources */ = {isa = PBXBuildFile; fileRef = 276D8C81190460660016E263 /* Images.xcassets */; };
		276D8C89190460660016E263 /* XCTest.framework in Frameworks */ = {isa = PBXBuildFile; fileRef = 276D8C88190460660016E263 /* XCTest.framework */; };
		276D8C8A190460660016E263 /* Foundation.framework in Frameworks */ = {isa = PBXBuildFile; fileRef = 276D8C69190460660016E263 /* Foundation.framework */; };
		276D8C8B190460660016E263 /* UIKit.framework in Frameworks */ = {isa = PBXBuildFile; fileRef = 276D8C6D190460660016E263 /* UIKit.framework */; };
		276D8C93190460660016E263 /* InfoPlist.strings in Resources */ = {isa = PBXBuildFile; fileRef = 276D8C91190460660016E263 /* InfoPlist.strings */; };
		276D8C95190460660016E263 /* SpeechTests.m in Sources */ = {isa = PBXBuildFile; fileRef = 276D8C94190460660016E263 /* SpeechTests.m */; };
		276D8C9F190460AD0016E263 /* AVFoundation.framework in Frameworks */ = {isa = PBXBuildFile; fileRef = 276D8C9E190460AD0016E263 /* AVFoundation.framework */; };
		276D8CA2190469F00016E263 /* WordsTableViewController.m in Sources */ = {isa = PBXBuildFile; fileRef = 276D8CA1190469F00016E263 /* WordsTableViewController.m */; };
		276D8CA419046AE10016E263 /* latin.txt in Resources */ = {isa = PBXBuildFile; fileRef = 276D8CA319046AE10016E263 /* latin.txt */; };
		276D8CA819046F9E0016E263 /* SpellingViewController.m in Sources */ = {isa = PBXBuildFile; fileRef = 276D8CA719046F9E0016E263 /* SpellingViewController.m */; };
/* End PBXBuildFile section */

/* Begin PBXContainerItemProxy section */
		276D8C8C190460660016E263 /* PBXContainerItemProxy */ = {
			isa = PBXContainerItemProxy;
			containerPortal = 276D8C5E190460660016E263 /* Project object */;
			proxyType = 1;
			remoteGlobalIDString = 276D8C65190460660016E263;
			remoteInfo = Speech;
		};
/* End PBXContainerItemProxy section */

/* Begin PBXFileReference section */
		0AACDA6E19392CB3008F35FA /* NIKAccountApi.h */ = {isa = PBXFileReference; fileEncoding = 4; lastKnownFileType = sourcecode.c.h; path = NIKAccountApi.h; sourceTree = "<group>"; };
		0AACDA6F19392CB3008F35FA /* NIKAccountApi.m */ = {isa = PBXFileReference; fileEncoding = 4; lastKnownFileType = sourcecode.c.objc; path = NIKAccountApi.m; sourceTree = "<group>"; };
		0AACDA7019392CB3008F35FA /* NIKApiInvoker.h */ = {isa = PBXFileReference; fileEncoding = 4; lastKnownFileType = sourcecode.c.h; path = NIKApiInvoker.h; sourceTree = "<group>"; };
		0AACDA7119392CB3008F35FA /* NIKApiInvoker.m */ = {isa = PBXFileReference; fileEncoding = 4; lastKnownFileType = sourcecode.c.objc; path = NIKApiInvoker.m; sourceTree = "<group>"; };
		0AACDA7219392CB3008F35FA /* NIKApiTokenStatus.h */ = {isa = PBXFileReference; fileEncoding = 4; lastKnownFileType = sourcecode.c.h; path = NIKApiTokenStatus.h; sourceTree = "<group>"; };
		0AACDA7319392CB3008F35FA /* NIKApiTokenStatus.m */ = {isa = PBXFileReference; fileEncoding = 4; lastKnownFileType = sourcecode.c.objc; path = NIKApiTokenStatus.m; sourceTree = "<group>"; };
		0AACDA7419392CB3008F35FA /* NIKAudioFile.h */ = {isa = PBXFileReference; fileEncoding = 4; lastKnownFileType = sourcecode.c.h; path = NIKAudioFile.h; sourceTree = "<group>"; };
		0AACDA7519392CB3008F35FA /* NIKAudioFile.m */ = {isa = PBXFileReference; fileEncoding = 4; lastKnownFileType = sourcecode.c.objc; path = NIKAudioFile.m; sourceTree = "<group>"; };
		0AACDA7619392CB3008F35FA /* NIKAuthenticationToken.h */ = {isa = PBXFileReference; fileEncoding = 4; lastKnownFileType = sourcecode.c.h; path = NIKAuthenticationToken.h; sourceTree = "<group>"; };
		0AACDA7719392CB3008F35FA /* NIKAuthenticationToken.m */ = {isa = PBXFileReference; fileEncoding = 4; lastKnownFileType = sourcecode.c.objc; path = NIKAuthenticationToken.m; sourceTree = "<group>"; };
		0AACDA7819392CB3008F35FA /* NIKBigram.h */ = {isa = PBXFileReference; fileEncoding = 4; lastKnownFileType = sourcecode.c.h; path = NIKBigram.h; sourceTree = "<group>"; };
		0AACDA7919392CB3008F35FA /* NIKBigram.m */ = {isa = PBXFileReference; fileEncoding = 4; lastKnownFileType = sourcecode.c.objc; path = NIKBigram.m; sourceTree = "<group>"; };
		0AACDA7A19392CB3008F35FA /* NIKCitation.h */ = {isa = PBXFileReference; fileEncoding = 4; lastKnownFileType = sourcecode.c.h; path = NIKCitation.h; sourceTree = "<group>"; };
		0AACDA7B19392CB3008F35FA /* NIKCitation.m */ = {isa = PBXFileReference; fileEncoding = 4; lastKnownFileType = sourcecode.c.objc; path = NIKCitation.m; sourceTree = "<group>"; };
		0AACDA7C19392CB3008F35FA /* NIKContentProvider.h */ = {isa = PBXFileReference; fileEncoding = 4; lastKnownFileType = sourcecode.c.h; path = NIKContentProvider.h; sourceTree = "<group>"; };
		0AACDA7D19392CB3008F35FA /* NIKContentProvider.m */ = {isa = PBXFileReference; fileEncoding = 4; lastKnownFileType = sourcecode.c.objc; path = NIKContentProvider.m; sourceTree = "<group>"; };
		0AACDA7E19392CB3008F35FA /* NIKDate.h */ = {isa = PBXFileReference; fileEncoding = 4; lastKnownFileType = sourcecode.c.h; path = NIKDate.h; sourceTree = "<group>"; };
		0AACDA7F19392CB3008F35FA /* NIKDate.m */ = {isa = PBXFileReference; fileEncoding = 4; lastKnownFileType = sourcecode.c.objc; path = NIKDate.m; sourceTree = "<group>"; };
		0AACDA8019392CB3008F35FA /* NIKDefinition.h */ = {isa = PBXFileReference; fileEncoding = 4; lastKnownFileType = sourcecode.c.h; path = NIKDefinition.h; sourceTree = "<group>"; };
		0AACDA8119392CB3008F35FA /* NIKDefinition.m */ = {isa = PBXFileReference; fileEncoding = 4; lastKnownFileType = sourcecode.c.objc; path = NIKDefinition.m; sourceTree = "<group>"; };
		0AACDA8219392CB3008F35FA /* NIKDefinitionSearchResults.h */ = {isa = PBXFileReference; fileEncoding = 4; lastKnownFileType = sourcecode.c.h; path = NIKDefinitionSearchResults.h; sourceTree = "<group>"; };
		0AACDA8319392CB3008F35FA /* NIKDefinitionSearchResults.m */ = {isa = PBXFileReference; fileEncoding = 4; lastKnownFileType = sourcecode.c.objc; path = NIKDefinitionSearchResults.m; sourceTree = "<group>"; };
		0AACDA8419392CB3008F35FA /* NIKExample.h */ = {isa = PBXFileReference; fileEncoding = 4; lastKnownFileType = sourcecode.c.h; path = NIKExample.h; sourceTree = "<group>"; };
		0AACDA8519392CB3008F35FA /* NIKExample.m */ = {isa = PBXFileReference; fileEncoding = 4; lastKnownFileType = sourcecode.c.objc; path = NIKExample.m; sourceTree = "<group>"; };
		0AACDA8619392CB3008F35FA /* NIKExampleSearchResults.h */ = {isa = PBXFileReference; fileEncoding = 4; lastKnownFileType = sourcecode.c.h; path = NIKExampleSearchResults.h; sourceTree = "<group>"; };
		0AACDA8719392CB3008F35FA /* NIKExampleSearchResults.m */ = {isa = PBXFileReference; fileEncoding = 4; lastKnownFileType = sourcecode.c.objc; path = NIKExampleSearchResults.m; sourceTree = "<group>"; };
		0AACDA8819392CB3008F35FA /* NIKExampleUsage.h */ = {isa = PBXFileReference; fileEncoding = 4; lastKnownFileType = sourcecode.c.h; path = NIKExampleUsage.h; sourceTree = "<group>"; };
		0AACDA8919392CB3008F35FA /* NIKExampleUsage.m */ = {isa = PBXFileReference; fileEncoding = 4; lastKnownFileType = sourcecode.c.objc; path = NIKExampleUsage.m; sourceTree = "<group>"; };
		0AACDA8A19392CB3008F35FA /* NIKFacet.h */ = {isa = PBXFileReference; fileEncoding = 4; lastKnownFileType = sourcecode.c.h; path = NIKFacet.h; sourceTree = "<group>"; };
		0AACDA8B19392CB3008F35FA /* NIKFacet.m */ = {isa = PBXFileReference; fileEncoding = 4; lastKnownFileType = sourcecode.c.objc; path = NIKFacet.m; sourceTree = "<group>"; };
		0AACDA8C19392CB3008F35FA /* NIKFacetValue.h */ = {isa = PBXFileReference; fileEncoding = 4; lastKnownFileType = sourcecode.c.h; path = NIKFacetValue.h; sourceTree = "<group>"; };
		0AACDA8D19392CB3008F35FA /* NIKFacetValue.m */ = {isa = PBXFileReference; fileEncoding = 4; lastKnownFileType = sourcecode.c.objc; path = NIKFacetValue.m; sourceTree = "<group>"; };
		0AACDA8E19392CB3008F35FA /* NIKFrequency.h */ = {isa = PBXFileReference; fileEncoding = 4; lastKnownFileType = sourcecode.c.h; path = NIKFrequency.h; sourceTree = "<group>"; };
		0AACDA8F19392CB3008F35FA /* NIKFrequency.m */ = {isa = PBXFileReference; fileEncoding = 4; lastKnownFileType = sourcecode.c.objc; path = NIKFrequency.m; sourceTree = "<group>"; };
		0AACDA9019392CB3008F35FA /* NIKFrequencySummary.h */ = {isa = PBXFileReference; fileEncoding = 4; lastKnownFileType = sourcecode.c.h; path = NIKFrequencySummary.h; sourceTree = "<group>"; };
		0AACDA9119392CB3008F35FA /* NIKFrequencySummary.m */ = {isa = PBXFileReference; fileEncoding = 4; lastKnownFileType = sourcecode.c.objc; path = NIKFrequencySummary.m; sourceTree = "<group>"; };
		0AACDA9219392CB3008F35FA /* NIKLabel.h */ = {isa = PBXFileReference; fileEncoding = 4; lastKnownFileType = sourcecode.c.h; path = NIKLabel.h; sourceTree = "<group>"; };
		0AACDA9319392CB3008F35FA /* NIKLabel.m */ = {isa = PBXFileReference; fileEncoding = 4; lastKnownFileType = sourcecode.c.objc; path = NIKLabel.m; sourceTree = "<group>"; };
		0AACDA9419392CB3008F35FA /* NIKNote.h */ = {isa = PBXFileReference; fileEncoding = 4; lastKnownFileType = sourcecode.c.h; path = NIKNote.h; sourceTree = "<group>"; };
		0AACDA9519392CB3008F35FA /* NIKNote.m */ = {isa = PBXFileReference; fileEncoding = 4; lastKnownFileType = sourcecode.c.objc; path = NIKNote.m; sourceTree = "<group>"; };
		0AACDA9619392CB3008F35FA /* NIKRelated.h */ = {isa = PBXFileReference; fileEncoding = 4; lastKnownFileType = sourcecode.c.h; path = NIKRelated.h; sourceTree = "<group>"; };
		0AACDA9719392CB3008F35FA /* NIKRelated.m */ = {isa = PBXFileReference; fileEncoding = 4; lastKnownFileType = sourcecode.c.objc; path = NIKRelated.m; sourceTree = "<group>"; };
		0AACDA9819392CB3008F35FA /* NIKScoredWord.h */ = {isa = PBXFileReference; fileEncoding = 4; lastKnownFileType = sourcecode.c.h; path = NIKScoredWord.h; sourceTree = "<group>"; };
		0AACDA9919392CB3008F35FA /* NIKScoredWord.m */ = {isa = PBXFileReference; fileEncoding = 4; lastKnownFileType = sourcecode.c.objc; path = NIKScoredWord.m; sourceTree = "<group>"; };
		0AACDA9A19392CB3008F35FA /* NIKSentence.h */ = {isa = PBXFileReference; fileEncoding = 4; lastKnownFileType = sourcecode.c.h; path = NIKSentence.h; sourceTree = "<group>"; };
		0AACDA9B19392CB3008F35FA /* NIKSentence.m */ = {isa = PBXFileReference; fileEncoding = 4; lastKnownFileType = sourcecode.c.objc; path = NIKSentence.m; sourceTree = "<group>"; };
		0AACDA9C19392CB3008F35FA /* NIKSimpleDefinition.h */ = {isa = PBXFileReference; fileEncoding = 4; lastKnownFileType = sourcecode.c.h; path = NIKSimpleDefinition.h; sourceTree = "<group>"; };
		0AACDA9D19392CB3008F35FA /* NIKSimpleDefinition.m */ = {isa = PBXFileReference; fileEncoding = 4; lastKnownFileType = sourcecode.c.objc; path = NIKSimpleDefinition.m; sourceTree = "<group>"; };
		0AACDA9E19392CB3008F35FA /* NIKSimpleExample.h */ = {isa = PBXFileReference; fileEncoding = 4; lastKnownFileType = sourcecode.c.h; path = NIKSimpleExample.h; sourceTree = "<group>"; };
		0AACDA9F19392CB3008F35FA /* NIKSimpleExample.m */ = {isa = PBXFileReference; fileEncoding = 4; lastKnownFileType = sourcecode.c.objc; path = NIKSimpleExample.m; sourceTree = "<group>"; };
		0AACDAA019392CB3008F35FA /* NIKStringValue.h */ = {isa = PBXFileReference; fileEncoding = 4; lastKnownFileType = sourcecode.c.h; path = NIKStringValue.h; sourceTree = "<group>"; };
		0AACDAA119392CB3008F35FA /* NIKStringValue.m */ = {isa = PBXFileReference; fileEncoding = 4; lastKnownFileType = sourcecode.c.objc; path = NIKStringValue.m; sourceTree = "<group>"; };
		0AACDAA219392CB3008F35FA /* NIKSwaggerObject.h */ = {isa = PBXFileReference; fileEncoding = 4; lastKnownFileType = sourcecode.c.h; path = NIKSwaggerObject.h; sourceTree = "<group>"; };
		0AACDAA319392CB3008F35FA /* NIKSwaggerObject.m */ = {isa = PBXFileReference; fileEncoding = 4; lastKnownFileType = sourcecode.c.objc; path = NIKSwaggerObject.m; sourceTree = "<group>"; };
		0AACDAA419392CB3008F35FA /* NIKSyllable.h */ = {isa = PBXFileReference; fileEncoding = 4; lastKnownFileType = sourcecode.c.h; path = NIKSyllable.h; sourceTree = "<group>"; };
		0AACDAA519392CB3008F35FA /* NIKSyllable.m */ = {isa = PBXFileReference; fileEncoding = 4; lastKnownFileType = sourcecode.c.objc; path = NIKSyllable.m; sourceTree = "<group>"; };
		0AACDAA619392CB3008F35FA /* NIKTextPron.h */ = {isa = PBXFileReference; fileEncoding = 4; lastKnownFileType = sourcecode.c.h; path = NIKTextPron.h; sourceTree = "<group>"; };
		0AACDAA719392CB3008F35FA /* NIKTextPron.m */ = {isa = PBXFileReference; fileEncoding = 4; lastKnownFileType = sourcecode.c.objc; path = NIKTextPron.m; sourceTree = "<group>"; };
		0AACDAA819392CB3008F35FA /* NIKUser.h */ = {isa = PBXFileReference; fileEncoding = 4; lastKnownFileType = sourcecode.c.h; path = NIKUser.h; sourceTree = "<group>"; };
		0AACDAA919392CB3008F35FA /* NIKUser.m */ = {isa = PBXFileReference; fileEncoding = 4; lastKnownFileType = sourcecode.c.objc; path = NIKUser.m; sourceTree = "<group>"; };
		0AACDAAA19392CB3008F35FA /* NIKWordApi.h */ = {isa = PBXFileReference; fileEncoding = 4; lastKnownFileType = sourcecode.c.h; path = NIKWordApi.h; sourceTree = "<group>"; };
		0AACDAAB19392CB3008F35FA /* NIKWordApi.m */ = {isa = PBXFileReference; fileEncoding = 4; lastKnownFileType = sourcecode.c.objc; path = NIKWordApi.m; sourceTree = "<group>"; };
		0AACDAAC19392CB3008F35FA /* NIKWordList.h */ = {isa = PBXFileReference; fileEncoding = 4; lastKnownFileType = sourcecode.c.h; path = NIKWordList.h; sourceTree = "<group>"; };
		0AACDAAD19392CB3008F35FA /* NIKWordList.m */ = {isa = PBXFileReference; fileEncoding = 4; lastKnownFileType = sourcecode.c.objc; path = NIKWordList.m; sourceTree = "<group>"; };
		0AACDAAE19392CB3008F35FA /* NIKWordListApi.h */ = {isa = PBXFileReference; fileEncoding = 4; lastKnownFileType = sourcecode.c.h; path = NIKWordListApi.h; sourceTree = "<group>"; };
		0AACDAAF19392CB3008F35FA /* NIKWordListApi.m */ = {isa = PBXFileReference; fileEncoding = 4; lastKnownFileType = sourcecode.c.objc; path = NIKWordListApi.m; sourceTree = "<group>"; };
		0AACDAB019392CB3008F35FA /* NIKWordListsApi.h */ = {isa = PBXFileReference; fileEncoding = 4; lastKnownFileType = sourcecode.c.h; path = NIKWordListsApi.h; sourceTree = "<group>"; };
		0AACDAB119392CB3008F35FA /* NIKWordListsApi.m */ = {isa = PBXFileReference; fileEncoding = 4; lastKnownFileType = sourcecode.c.objc; path = NIKWordListsApi.m; sourceTree = "<group>"; };
		0AACDAB219392CB3008F35FA /* NIKWordListWord.h */ = {isa = PBXFileReference; fileEncoding = 4; lastKnownFileType = sourcecode.c.h; path = NIKWordListWord.h; sourceTree = "<group>"; };
		0AACDAB319392CB3008F35FA /* NIKWordListWord.m */ = {isa = PBXFileReference; fileEncoding = 4; lastKnownFileType = sourcecode.c.objc; path = NIKWordListWord.m; sourceTree = "<group>"; };
		0AACDAB419392CB3008F35FA /* NIKWordObject.h */ = {isa = PBXFileReference; fileEncoding = 4; lastKnownFileType = sourcecode.c.h; path = NIKWordObject.h; sourceTree = "<group>"; };
		0AACDAB519392CB3008F35FA /* NIKWordObject.m */ = {isa = PBXFileReference; fileEncoding = 4; lastKnownFileType = sourcecode.c.objc; path = NIKWordObject.m; sourceTree = "<group>"; };
		0AACDAB619392CB3008F35FA /* NIKWordOfTheDay.h */ = {isa = PBXFileReference; fileEncoding = 4; lastKnownFileType = sourcecode.c.h; path = NIKWordOfTheDay.h; sourceTree = "<group>"; };
		0AACDAB719392CB3008F35FA /* NIKWordOfTheDay.m */ = {isa = PBXFileReference; fileEncoding = 4; lastKnownFileType = sourcecode.c.objc; path = NIKWordOfTheDay.m; sourceTree = "<group>"; };
		0AACDAB819392CB3008F35FA /* NIKWordsApi.h */ = {isa = PBXFileReference; fileEncoding = 4; lastKnownFileType = sourcecode.c.h; path = NIKWordsApi.h; sourceTree = "<group>"; };
		0AACDAB919392CB3008F35FA /* NIKWordsApi.m */ = {isa = PBXFileReference; fileEncoding = 4; lastKnownFileType = sourcecode.c.objc; path = NIKWordsApi.m; sourceTree = "<group>"; };
		0AACDABA19392CB3008F35FA /* NIKWordSearchResult.h */ = {isa = PBXFileReference; fileEncoding = 4; lastKnownFileType = sourcecode.c.h; path = NIKWordSearchResult.h; sourceTree = "<group>"; };
		0AACDABB19392CB3008F35FA /* NIKWordSearchResult.m */ = {isa = PBXFileReference; fileEncoding = 4; lastKnownFileType = sourcecode.c.objc; path = NIKWordSearchResult.m; sourceTree = "<group>"; };
		0AACDABC19392CB3008F35FA /* NIKWordSearchResults.h */ = {isa = PBXFileReference; fileEncoding = 4; lastKnownFileType = sourcecode.c.h; path = NIKWordSearchResults.h; sourceTree = "<group>"; };
		0AACDABD19392CB3008F35FA /* NIKWordSearchResults.m */ = {isa = PBXFileReference; fileEncoding = 4; lastKnownFileType = sourcecode.c.objc; path = NIKWordSearchResults.m; sourceTree = "<group>"; };
		276D8C66190460660016E263 /* Speech.app */ = {isa = PBXFileReference; explicitFileType = wrapper.application; includeInIndex = 0; path = Speech.app; sourceTree = BUILT_PRODUCTS_DIR; };
		276D8C69190460660016E263 /* Foundation.framework */ = {isa = PBXFileReference; lastKnownFileType = wrapper.framework; name = Foundation.framework; path = System/Library/Frameworks/Foundation.framework; sourceTree = SDKROOT; };
		276D8C6B190460660016E263 /* CoreGraphics.framework */ = {isa = PBXFileReference; lastKnownFileType = wrapper.framework; name = CoreGraphics.framework; path = System/Library/Frameworks/CoreGraphics.framework; sourceTree = SDKROOT; };
		276D8C6D190460660016E263 /* UIKit.framework */ = {isa = PBXFileReference; lastKnownFileType = wrapper.framework; name = UIKit.framework; path = System/Library/Frameworks/UIKit.framework; sourceTree = SDKROOT; };
		276D8C71190460660016E263 /* Speech-Info.plist */ = {isa = PBXFileReference; lastKnownFileType = text.plist.xml; path = "Speech-Info.plist"; sourceTree = "<group>"; };
		276D8C73190460660016E263 /* en */ = {isa = PBXFileReference; lastKnownFileType = text.plist.strings; name = en; path = en.lproj/InfoPlist.strings; sourceTree = "<group>"; };
		276D8C75190460660016E263 /* main.m */ = {isa = PBXFileReference; lastKnownFileType = sourcecode.c.objc; path = main.m; sourceTree = "<group>"; };
		276D8C77190460660016E263 /* Speech-Prefix.pch */ = {isa = PBXFileReference; lastKnownFileType = sourcecode.c.h; path = "Speech-Prefix.pch"; sourceTree = "<group>"; };
		276D8C78190460660016E263 /* AppDelegate.h */ = {isa = PBXFileReference; lastKnownFileType = sourcecode.c.h; path = AppDelegate.h; sourceTree = "<group>"; };
		276D8C79190460660016E263 /* AppDelegate.m */ = {isa = PBXFileReference; lastKnownFileType = sourcecode.c.objc; path = AppDelegate.m; sourceTree = "<group>"; };
		276D8C7C190460660016E263 /* Base */ = {isa = PBXFileReference; lastKnownFileType = file.storyboard; name = Base; path = Base.lproj/Main.storyboard; sourceTree = "<group>"; };
		276D8C7E190460660016E263 /* ViewController.h */ = {isa = PBXFileReference; lastKnownFileType = sourcecode.c.h; path = ViewController.h; sourceTree = "<group>"; };
		276D8C7F190460660016E263 /* ViewController.m */ = {isa = PBXFileReference; lastKnownFileType = sourcecode.c.objc; path = ViewController.m; sourceTree = "<group>"; };
		276D8C81190460660016E263 /* Images.xcassets */ = {isa = PBXFileReference; lastKnownFileType = folder.assetcatalog; path = Images.xcassets; sourceTree = "<group>"; };
		276D8C87190460660016E263 /* SpeechTests.xctest */ = {isa = PBXFileReference; explicitFileType = wrapper.cfbundle; includeInIndex = 0; path = SpeechTests.xctest; sourceTree = BUILT_PRODUCTS_DIR; };
		276D8C88190460660016E263 /* XCTest.framework */ = {isa = PBXFileReference; lastKnownFileType = wrapper.framework; name = XCTest.framework; path = Library/Frameworks/XCTest.framework; sourceTree = DEVELOPER_DIR; };
		276D8C90190460660016E263 /* SpeechTests-Info.plist */ = {isa = PBXFileReference; lastKnownFileType = text.plist.xml; path = "SpeechTests-Info.plist"; sourceTree = "<group>"; };
		276D8C92190460660016E263 /* en */ = {isa = PBXFileReference; lastKnownFileType = text.plist.strings; name = en; path = en.lproj/InfoPlist.strings; sourceTree = "<group>"; };
		276D8C94190460660016E263 /* SpeechTests.m */ = {isa = PBXFileReference; lastKnownFileType = sourcecode.c.objc; path = SpeechTests.m; sourceTree = "<group>"; };
		276D8C9E190460AD0016E263 /* AVFoundation.framework */ = {isa = PBXFileReference; lastKnownFileType = wrapper.framework; name = AVFoundation.framework; path = System/Library/Frameworks/AVFoundation.framework; sourceTree = SDKROOT; };
		276D8CA0190469F00016E263 /* WordsTableViewController.h */ = {isa = PBXFileReference; fileEncoding = 4; lastKnownFileType = sourcecode.c.h; path = WordsTableViewController.h; sourceTree = "<group>"; };
		276D8CA1190469F00016E263 /* WordsTableViewController.m */ = {isa = PBXFileReference; fileEncoding = 4; lastKnownFileType = sourcecode.c.objc; path = WordsTableViewController.m; sourceTree = "<group>"; };
		276D8CA319046AE10016E263 /* latin.txt */ = {isa = PBXFileReference; fileEncoding = 4; lastKnownFileType = text; path = latin.txt; sourceTree = "<group>"; };
		276D8CA619046F9E0016E263 /* SpellingViewController.h */ = {isa = PBXFileReference; fileEncoding = 4; lastKnownFileType = sourcecode.c.h; path = SpellingViewController.h; sourceTree = "<group>"; };
		276D8CA719046F9E0016E263 /* SpellingViewController.m */ = {isa = PBXFileReference; fileEncoding = 4; lastKnownFileType = sourcecode.c.objc; path = SpellingViewController.m; sourceTree = "<group>"; };
/* End PBXFileReference section */

/* Begin PBXFrameworksBuildPhase section */
		276D8C63190460660016E263 /* Frameworks */ = {
			isa = PBXFrameworksBuildPhase;
			buildActionMask = 2147483647;
			files = (
				276D8C9F190460AD0016E263 /* AVFoundation.framework in Frameworks */,
				276D8C6C190460660016E263 /* CoreGraphics.framework in Frameworks */,
				276D8C6E190460660016E263 /* UIKit.framework in Frameworks */,
				276D8C6A190460660016E263 /* Foundation.framework in Frameworks */,
			);
			runOnlyForDeploymentPostprocessing = 0;
		};
		276D8C84190460660016E263 /* Frameworks */ = {
			isa = PBXFrameworksBuildPhase;
			buildActionMask = 2147483647;
			files = (
				276D8C89190460660016E263 /* XCTest.framework in Frameworks */,
				276D8C8B190460660016E263 /* UIKit.framework in Frameworks */,
				276D8C8A190460660016E263 /* Foundation.framework in Frameworks */,
			);
			runOnlyForDeploymentPostprocessing = 0;
		};
/* End PBXFrameworksBuildPhase section */

/* Begin PBXGroup section */
		0AACDA6D19392CB3008F35FA /* client */ = {
			isa = PBXGroup;
			children = (
				0AACDA6E19392CB3008F35FA /* NIKAccountApi.h */,
				0AACDA6F19392CB3008F35FA /* NIKAccountApi.m */,
				0AACDA7019392CB3008F35FA /* NIKApiInvoker.h */,
				0AACDA7119392CB3008F35FA /* NIKApiInvoker.m */,
				0AACDA7219392CB3008F35FA /* NIKApiTokenStatus.h */,
				0AACDA7319392CB3008F35FA /* NIKApiTokenStatus.m */,
				0AACDA7419392CB3008F35FA /* NIKAudioFile.h */,
				0AACDA7519392CB3008F35FA /* NIKAudioFile.m */,
				0AACDA7619392CB3008F35FA /* NIKAuthenticationToken.h */,
				0AACDA7719392CB3008F35FA /* NIKAuthenticationToken.m */,
				0AACDA7819392CB3008F35FA /* NIKBigram.h */,
				0AACDA7919392CB3008F35FA /* NIKBigram.m */,
				0AACDA7A19392CB3008F35FA /* NIKCitation.h */,
				0AACDA7B19392CB3008F35FA /* NIKCitation.m */,
				0AACDA7C19392CB3008F35FA /* NIKContentProvider.h */,
				0AACDA7D19392CB3008F35FA /* NIKContentProvider.m */,
				0AACDA7E19392CB3008F35FA /* NIKDate.h */,
				0AACDA7F19392CB3008F35FA /* NIKDate.m */,
				0AACDA8019392CB3008F35FA /* NIKDefinition.h */,
				0AACDA8119392CB3008F35FA /* NIKDefinition.m */,
				0AACDA8219392CB3008F35FA /* NIKDefinitionSearchResults.h */,
				0AACDA8319392CB3008F35FA /* NIKDefinitionSearchResults.m */,
				0AACDA8419392CB3008F35FA /* NIKExample.h */,
				0AACDA8519392CB3008F35FA /* NIKExample.m */,
				0AACDA8619392CB3008F35FA /* NIKExampleSearchResults.h */,
				0AACDA8719392CB3008F35FA /* NIKExampleSearchResults.m */,
				0AACDA8819392CB3008F35FA /* NIKExampleUsage.h */,
				0AACDA8919392CB3008F35FA /* NIKExampleUsage.m */,
				0AACDA8A19392CB3008F35FA /* NIKFacet.h */,
				0AACDA8B19392CB3008F35FA /* NIKFacet.m */,
				0AACDA8C19392CB3008F35FA /* NIKFacetValue.h */,
				0AACDA8D19392CB3008F35FA /* NIKFacetValue.m */,
				0AACDA8E19392CB3008F35FA /* NIKFrequency.h */,
				0AACDA8F19392CB3008F35FA /* NIKFrequency.m */,
				0AACDA9019392CB3008F35FA /* NIKFrequencySummary.h */,
				0AACDA9119392CB3008F35FA /* NIKFrequencySummary.m */,
				0AACDA9219392CB3008F35FA /* NIKLabel.h */,
				0AACDA9319392CB3008F35FA /* NIKLabel.m */,
				0AACDA9419392CB3008F35FA /* NIKNote.h */,
				0AACDA9519392CB3008F35FA /* NIKNote.m */,
				0AACDA9619392CB3008F35FA /* NIKRelated.h */,
				0AACDA9719392CB3008F35FA /* NIKRelated.m */,
				0AACDA9819392CB3008F35FA /* NIKScoredWord.h */,
				0AACDA9919392CB3008F35FA /* NIKScoredWord.m */,
				0AACDA9A19392CB3008F35FA /* NIKSentence.h */,
				0AACDA9B19392CB3008F35FA /* NIKSentence.m */,
				0AACDA9C19392CB3008F35FA /* NIKSimpleDefinition.h */,
				0AACDA9D19392CB3008F35FA /* NIKSimpleDefinition.m */,
				0AACDA9E19392CB3008F35FA /* NIKSimpleExample.h */,
				0AACDA9F19392CB3008F35FA /* NIKSimpleExample.m */,
				0AACDAA019392CB3008F35FA /* NIKStringValue.h */,
				0AACDAA119392CB3008F35FA /* NIKStringValue.m */,
				0AACDAA219392CB3008F35FA /* NIKSwaggerObject.h */,
				0AACDAA319392CB3008F35FA /* NIKSwaggerObject.m */,
				0AACDAA419392CB3008F35FA /* NIKSyllable.h */,
				0AACDAA519392CB3008F35FA /* NIKSyllable.m */,
				0AACDAA619392CB3008F35FA /* NIKTextPron.h */,
				0AACDAA719392CB3008F35FA /* NIKTextPron.m */,
				0AACDAA819392CB3008F35FA /* NIKUser.h */,
				0AACDAA919392CB3008F35FA /* NIKUser.m */,
				0AACDAAA19392CB3008F35FA /* NIKWordApi.h */,
				0AACDAAB19392CB3008F35FA /* NIKWordApi.m */,
				0AACDAAC19392CB3008F35FA /* NIKWordList.h */,
				0AACDAAD19392CB3008F35FA /* NIKWordList.m */,
				0AACDAAE19392CB3008F35FA /* NIKWordListApi.h */,
				0AACDAAF19392CB3008F35FA /* NIKWordListApi.m */,
				0AACDAB019392CB3008F35FA /* NIKWordListsApi.h */,
				0AACDAB119392CB3008F35FA /* NIKWordListsApi.m */,
				0AACDAB219392CB3008F35FA /* NIKWordListWord.h */,
				0AACDAB319392CB3008F35FA /* NIKWordListWord.m */,
				0AACDAB419392CB3008F35FA /* NIKWordObject.h */,
				0AACDAB519392CB3008F35FA /* NIKWordObject.m */,
				0AACDAB619392CB3008F35FA /* NIKWordOfTheDay.h */,
				0AACDAB719392CB3008F35FA /* NIKWordOfTheDay.m */,
				0AACDAB819392CB3008F35FA /* NIKWordsApi.h */,
				0AACDAB919392CB3008F35FA /* NIKWordsApi.m */,
				0AACDABA19392CB3008F35FA /* NIKWordSearchResult.h */,
				0AACDABB19392CB3008F35FA /* NIKWordSearchResult.m */,
				0AACDABC19392CB3008F35FA /* NIKWordSearchResults.h */,
				0AACDABD19392CB3008F35FA /* NIKWordSearchResults.m */,
			);
			path = client;
			sourceTree = "<group>";
		};
		276D8C5D190460660016E263 = {
			isa = PBXGroup;
			children = (
				276D8C6F190460660016E263 /* Speech */,
				276D8C8E190460660016E263 /* SpeechTests */,
				276D8C68190460660016E263 /* Frameworks */,
				276D8C67190460660016E263 /* Products */,
			);
			sourceTree = "<group>";
		};
		276D8C67190460660016E263 /* Products */ = {
			isa = PBXGroup;
			children = (
				276D8C66190460660016E263 /* Speech.app */,
				276D8C87190460660016E263 /* SpeechTests.xctest */,
			);
			name = Products;
			sourceTree = "<group>";
		};
		276D8C68190460660016E263 /* Frameworks */ = {
			isa = PBXGroup;
			children = (
				276D8C9E190460AD0016E263 /* AVFoundation.framework */,
				276D8C69190460660016E263 /* Foundation.framework */,
				276D8C6B190460660016E263 /* CoreGraphics.framework */,
				276D8C6D190460660016E263 /* UIKit.framework */,
				276D8C88190460660016E263 /* XCTest.framework */,
			);
			name = Frameworks;
			sourceTree = "<group>";
		};
		276D8C6F190460660016E263 /* Speech */ = {
			isa = PBXGroup;
			children = (
				0AACDA6D19392CB3008F35FA /* client */,
				276D8C78190460660016E263 /* AppDelegate.h */,
				276D8C79190460660016E263 /* AppDelegate.m */,
				276D8C7B190460660016E263 /* Main.storyboard */,
				276D8CA619046F9E0016E263 /* SpellingViewController.h */,
				276D8CA719046F9E0016E263 /* SpellingViewController.m */,
				276D8CA0190469F00016E263 /* WordsTableViewController.h */,
				276D8CA1190469F00016E263 /* WordsTableViewController.m */,
				276D8C7E190460660016E263 /* ViewController.h */,
				276D8C7F190460660016E263 /* ViewController.m */,
				276D8C81190460660016E263 /* Images.xcassets */,
				276D8C70190460660016E263 /* Supporting Files */,
			);
			path = Speech;
			sourceTree = "<group>";
		};
		276D8C70190460660016E263 /* Supporting Files */ = {
			isa = PBXGroup;
			children = (
				276D8CA319046AE10016E263 /* latin.txt */,
				276D8C71190460660016E263 /* Speech-Info.plist */,
				276D8C72190460660016E263 /* InfoPlist.strings */,
				276D8C75190460660016E263 /* main.m */,
				276D8C77190460660016E263 /* Speech-Prefix.pch */,
			);
			name = "Supporting Files";
			sourceTree = "<group>";
		};
		276D8C8E190460660016E263 /* SpeechTests */ = {
			isa = PBXGroup;
			children = (
				276D8C94190460660016E263 /* SpeechTests.m */,
				276D8C8F190460660016E263 /* Supporting Files */,
			);
			path = SpeechTests;
			sourceTree = "<group>";
		};
		276D8C8F190460660016E263 /* Supporting Files */ = {
			isa = PBXGroup;
			children = (
				276D8C90190460660016E263 /* SpeechTests-Info.plist */,
				276D8C91190460660016E263 /* InfoPlist.strings */,
			);
			name = "Supporting Files";
			sourceTree = "<group>";
		};
/* End PBXGroup section */

/* Begin PBXNativeTarget section */
		276D8C65190460660016E263 /* Speech */ = {
			isa = PBXNativeTarget;
			buildConfigurationList = 276D8C98190460660016E263 /* Build configuration list for PBXNativeTarget "Speech" */;
			buildPhases = (
				276D8C62190460660016E263 /* Sources */,
				276D8C63190460660016E263 /* Frameworks */,
				276D8C64190460660016E263 /* Resources */,
			);
			buildRules = (
			);
			dependencies = (
			);
			name = Speech;
			productName = Speech;
			productReference = 276D8C66190460660016E263 /* Speech.app */;
			productType = "com.apple.product-type.application";
		};
		276D8C86190460660016E263 /* SpeechTests */ = {
			isa = PBXNativeTarget;
			buildConfigurationList = 276D8C9B190460660016E263 /* Build configuration list for PBXNativeTarget "SpeechTests" */;
			buildPhases = (
				276D8C83190460660016E263 /* Sources */,
				276D8C84190460660016E263 /* Frameworks */,
				276D8C85190460660016E263 /* Resources */,
			);
			buildRules = (
			);
			dependencies = (
				276D8C8D190460660016E263 /* PBXTargetDependency */,
			);
			name = SpeechTests;
			productName = SpeechTests;
			productReference = 276D8C87190460660016E263 /* SpeechTests.xctest */;
			productType = "com.apple.product-type.bundle.unit-test";
		};
/* End PBXNativeTarget section */

/* Begin PBXProject section */
		276D8C5E190460660016E263 /* Project object */ = {
			isa = PBXProject;
			attributes = {
				LastUpgradeCheck = 0510;
				ORGANIZATIONNAME = "Minh Luu";
				TargetAttributes = {
					276D8C86190460660016E263 = {
						TestTargetID = 276D8C65190460660016E263;
					};
				};
			};
			buildConfigurationList = 276D8C61190460660016E263 /* Build configuration list for PBXProject "Speech" */;
			compatibilityVersion = "Xcode 3.2";
			developmentRegion = English;
			hasScannedForEncodings = 0;
			knownRegions = (
				en,
				Base,
			);
			mainGroup = 276D8C5D190460660016E263;
			productRefGroup = 276D8C67190460660016E263 /* Products */;
			projectDirPath = "";
			projectRoot = "";
			targets = (
				276D8C65190460660016E263 /* Speech */,
				276D8C86190460660016E263 /* SpeechTests */,
			);
		};
/* End PBXProject section */

/* Begin PBXResourcesBuildPhase section */
		276D8C64190460660016E263 /* Resources */ = {
			isa = PBXResourcesBuildPhase;
			buildActionMask = 2147483647;
			files = (
				276D8C82190460660016E263 /* Images.xcassets in Resources */,
				276D8C74190460660016E263 /* InfoPlist.strings in Resources */,
				276D8C7D190460660016E263 /* Main.storyboard in Resources */,
				276D8CA419046AE10016E263 /* latin.txt in Resources */,
			);
			runOnlyForDeploymentPostprocessing = 0;
		};
		276D8C85190460660016E263 /* Resources */ = {
			isa = PBXResourcesBuildPhase;
			buildActionMask = 2147483647;
			files = (
				276D8C93190460660016E263 /* InfoPlist.strings in Resources */,
			);
			runOnlyForDeploymentPostprocessing = 0;
		};
/* End PBXResourcesBuildPhase section */

/* Begin PBXSourcesBuildPhase section */
		276D8C62190460660016E263 /* Sources */ = {
			isa = PBXSourcesBuildPhase;
			buildActionMask = 2147483647;
			files = (
				0AACDADA19392CB3008F35FA /* NIKTextPron.m in Sources */,
				0AACDADD19392CB3008F35FA /* NIKWordList.m in Sources */,
				0AACDAC619392CB3008F35FA /* NIKDate.m in Sources */,
				0AACDADF19392CB3008F35FA /* NIKWordListsApi.m in Sources */,
				0AACDACD19392CB3008F35FA /* NIKFacetValue.m in Sources */,
				276D8C80190460660016E263 /* ViewController.m in Sources */,
				0AACDAD119392CB3008F35FA /* NIKNote.m in Sources */,
				0AACDAE419392CB3008F35FA /* NIKWordSearchResult.m in Sources */,
				0AACDAC919392CB3008F35FA /* NIKExample.m in Sources */,
				0AACDADB19392CB3008F35FA /* NIKUser.m in Sources */,
				0AACDAC419392CB3008F35FA /* NIKCitation.m in Sources */,
				0AACDACA19392CB3008F35FA /* NIKExampleSearchResults.m in Sources */,
				276D8C7A190460660016E263 /* AppDelegate.m in Sources */,
				0AACDAE119392CB3008F35FA /* NIKWordObject.m in Sources */,
				0AACDAC519392CB3008F35FA /* NIKContentProvider.m in Sources */,
				276D8C76190460660016E263 /* main.m in Sources */,
				0AACDAC119392CB3008F35FA /* NIKAudioFile.m in Sources */,
				0AACDAD619392CB3008F35FA /* NIKSimpleExample.m in Sources */,
				0AACDADE19392CB3008F35FA /* NIKWordListApi.m in Sources */,
				0AACDAC719392CB3008F35FA /* NIKDefinition.m in Sources */,
				0AACDACF19392CB3008F35FA /* NIKFrequencySummary.m in Sources */,
				0AACDAE219392CB3008F35FA /* NIKWordOfTheDay.m in Sources */,
				0AACDAE319392CB3008F35FA /* NIKWordsApi.m in Sources */,
				0AACDACE19392CB3008F35FA /* NIKFrequency.m in Sources */,
				276D8CA2190469F00016E263 /* WordsTableViewController.m in Sources */,
				276D8CA819046F9E0016E263 /* SpellingViewController.m in Sources */,
				0AACDAD319392CB3008F35FA /* NIKScoredWord.m in Sources */,
				0AACDAD019392CB3008F35FA /* NIKLabel.m in Sources */,
				0AACDAC819392CB3008F35FA /* NIKDefinitionSearchResults.m in Sources */,
				0AACDAC319392CB3008F35FA /* NIKBigram.m in Sources */,
				0AACDACC19392CB3008F35FA /* NIKFacet.m in Sources */,
				0AACDAD919392CB3008F35FA /* NIKSyllable.m in Sources */,
				0AACDAD819392CB3008F35FA /* NIKSwaggerObject.m in Sources */,
				0AACDABE19392CB3008F35FA /* NIKAccountApi.m in Sources */,
				0AACDABF19392CB3008F35FA /* NIKApiInvoker.m in Sources */,
				0AACDAD519392CB3008F35FA /* NIKSimpleDefinition.m in Sources */,
				0AACDAD419392CB3008F35FA /* NIKSentence.m in Sources */,
				0AACDAE519392CB3008F35FA /* NIKWordSearchResults.m in Sources */,
				0AACDAD219392CB3008F35FA /* NIKRelated.m in Sources */,
				0AACDAE019392CB3008F35FA /* NIKWordListWord.m in Sources */,
				0AACDAC219392CB3008F35FA /* NIKAuthenticationToken.m in Sources */,
				0AACDAC019392CB3008F35FA /* NIKApiTokenStatus.m in Sources */,
				0AACDACB19392CB3008F35FA /* NIKExampleUsage.m in Sources */,
				0AACDAD719392CB3008F35FA /* NIKStringValue.m in Sources */,
				0AACDADC19392CB3008F35FA /* NIKWordApi.m in Sources */,
			);
			runOnlyForDeploymentPostprocessing = 0;
		};
		276D8C83190460660016E263 /* Sources */ = {
			isa = PBXSourcesBuildPhase;
			buildActionMask = 2147483647;
			files = (
				276D8C95190460660016E263 /* SpeechTests.m in Sources */,
			);
			runOnlyForDeploymentPostprocessing = 0;
		};
/* End PBXSourcesBuildPhase section */

/* Begin PBXTargetDependency section */
		276D8C8D190460660016E263 /* PBXTargetDependency */ = {
			isa = PBXTargetDependency;
			target = 276D8C65190460660016E263 /* Speech */;
			targetProxy = 276D8C8C190460660016E263 /* PBXContainerItemProxy */;
		};
/* End PBXTargetDependency section */

/* Begin PBXVariantGroup section */
		276D8C72190460660016E263 /* InfoPlist.strings */ = {
			isa = PBXVariantGroup;
			children = (
				276D8C73190460660016E263 /* en */,
			);
			name = InfoPlist.strings;
			sourceTree = "<group>";
		};
		276D8C7B190460660016E263 /* Main.storyboard */ = {
			isa = PBXVariantGroup;
			children = (
				276D8C7C190460660016E263 /* Base */,
			);
			name = Main.storyboard;
			sourceTree = "<group>";
		};
		276D8C91190460660016E263 /* InfoPlist.strings */ = {
			isa = PBXVariantGroup;
			children = (
				276D8C92190460660016E263 /* en */,
			);
			name = InfoPlist.strings;
			sourceTree = "<group>";
		};
/* End PBXVariantGroup section */

/* Begin XCBuildConfiguration section */
		276D8C96190460660016E263 /* Debug */ = {
			isa = XCBuildConfiguration;
			buildSettings = {
				ALWAYS_SEARCH_USER_PATHS = NO;
				CLANG_CXX_LANGUAGE_STANDARD = "gnu++0x";
				CLANG_CXX_LIBRARY = "libc++";
				CLANG_ENABLE_MODULES = YES;
				CLANG_ENABLE_OBJC_ARC = YES;
				CLANG_WARN_BOOL_CONVERSION = YES;
				CLANG_WARN_CONSTANT_CONVERSION = YES;
				CLANG_WARN_DIRECT_OBJC_ISA_USAGE = YES_ERROR;
				CLANG_WARN_EMPTY_BODY = YES;
				CLANG_WARN_ENUM_CONVERSION = YES;
				CLANG_WARN_INT_CONVERSION = YES;
				CLANG_WARN_OBJC_ROOT_CLASS = YES_ERROR;
				CLANG_WARN__DUPLICATE_METHOD_MATCH = YES;
				"CODE_SIGN_IDENTITY[sdk=iphoneos*]" = "iPhone Developer";
				COPY_PHASE_STRIP = NO;
				GCC_C_LANGUAGE_STANDARD = gnu99;
				GCC_DYNAMIC_NO_PIC = NO;
				GCC_OPTIMIZATION_LEVEL = 0;
				GCC_PREPROCESSOR_DEFINITIONS = (
					"DEBUG=1",
					"$(inherited)",
				);
				GCC_SYMBOLS_PRIVATE_EXTERN = NO;
				GCC_WARN_64_TO_32_BIT_CONVERSION = YES;
				GCC_WARN_ABOUT_RETURN_TYPE = YES_ERROR;
				GCC_WARN_UNDECLARED_SELECTOR = YES;
				GCC_WARN_UNINITIALIZED_AUTOS = YES_AGGRESSIVE;
				GCC_WARN_UNUSED_FUNCTION = YES;
				GCC_WARN_UNUSED_VARIABLE = YES;
				IPHONEOS_DEPLOYMENT_TARGET = 7.1;
				ONLY_ACTIVE_ARCH = YES;
				SDKROOT = iphoneos;
			};
			name = Debug;
		};
		276D8C97190460660016E263 /* Release */ = {
			isa = XCBuildConfiguration;
			buildSettings = {
				ALWAYS_SEARCH_USER_PATHS = NO;
				CLANG_CXX_LANGUAGE_STANDARD = "gnu++0x";
				CLANG_CXX_LIBRARY = "libc++";
				CLANG_ENABLE_MODULES = YES;
				CLANG_ENABLE_OBJC_ARC = YES;
				CLANG_WARN_BOOL_CONVERSION = YES;
				CLANG_WARN_CONSTANT_CONVERSION = YES;
				CLANG_WARN_DIRECT_OBJC_ISA_USAGE = YES_ERROR;
				CLANG_WARN_EMPTY_BODY = YES;
				CLANG_WARN_ENUM_CONVERSION = YES;
				CLANG_WARN_INT_CONVERSION = YES;
				CLANG_WARN_OBJC_ROOT_CLASS = YES_ERROR;
				CLANG_WARN__DUPLICATE_METHOD_MATCH = YES;
				"CODE_SIGN_IDENTITY[sdk=iphoneos*]" = "iPhone Developer";
				COPY_PHASE_STRIP = YES;
				ENABLE_NS_ASSERTIONS = NO;
				GCC_C_LANGUAGE_STANDARD = gnu99;
				GCC_WARN_64_TO_32_BIT_CONVERSION = YES;
				GCC_WARN_ABOUT_RETURN_TYPE = YES_ERROR;
				GCC_WARN_UNDECLARED_SELECTOR = YES;
				GCC_WARN_UNINITIALIZED_AUTOS = YES_AGGRESSIVE;
				GCC_WARN_UNUSED_FUNCTION = YES;
				GCC_WARN_UNUSED_VARIABLE = YES;
				IPHONEOS_DEPLOYMENT_TARGET = 7.1;
				SDKROOT = iphoneos;
				VALIDATE_PRODUCT = YES;
			};
			name = Release;
		};
		276D8C99190460660016E263 /* Debug */ = {
			isa = XCBuildConfiguration;
			buildSettings = {
				ASSETCATALOG_COMPILER_APPICON_NAME = AppIcon;
				ASSETCATALOG_COMPILER_LAUNCHIMAGE_NAME = LaunchImage;
				GCC_PRECOMPILE_PREFIX_HEADER = YES;
				GCC_PREFIX_HEADER = "Speech/Speech-Prefix.pch";
				INFOPLIST_FILE = "Speech/Speech-Info.plist";
				PRODUCT_NAME = "$(TARGET_NAME)";
				WRAPPER_EXTENSION = app;
			};
			name = Debug;
		};
		276D8C9A190460660016E263 /* Release */ = {
			isa = XCBuildConfiguration;
			buildSettings = {
				ASSETCATALOG_COMPILER_APPICON_NAME = AppIcon;
				ASSETCATALOG_COMPILER_LAUNCHIMAGE_NAME = LaunchImage;
				GCC_PRECOMPILE_PREFIX_HEADER = YES;
				GCC_PREFIX_HEADER = "Speech/Speech-Prefix.pch";
				INFOPLIST_FILE = "Speech/Speech-Info.plist";
				PRODUCT_NAME = "$(TARGET_NAME)";
				WRAPPER_EXTENSION = app;
			};
			name = Release;
		};
		276D8C9C190460660016E263 /* Debug */ = {
			isa = XCBuildConfiguration;
			buildSettings = {
				BUNDLE_LOADER = "$(BUILT_PRODUCTS_DIR)/Speech.app/Speech";
				FRAMEWORK_SEARCH_PATHS = (
					"$(SDKROOT)/Developer/Library/Frameworks",
					"$(inherited)",
					"$(DEVELOPER_FRAMEWORKS_DIR)",
				);
				GCC_PRECOMPILE_PREFIX_HEADER = YES;
				GCC_PREFIX_HEADER = "Speech/Speech-Prefix.pch";
				GCC_PREPROCESSOR_DEFINITIONS = (
					"DEBUG=1",
					"$(inherited)",
				);
				INFOPLIST_FILE = "SpeechTests/SpeechTests-Info.plist";
				PRODUCT_NAME = "$(TARGET_NAME)";
				TEST_HOST = "$(BUNDLE_LOADER)";
				WRAPPER_EXTENSION = xctest;
			};
			name = Debug;
		};
		276D8C9D190460660016E263 /* Release */ = {
			isa = XCBuildConfiguration;
			buildSettings = {
				BUNDLE_LOADER = "$(BUILT_PRODUCTS_DIR)/Speech.app/Speech";
				FRAMEWORK_SEARCH_PATHS = (
					"$(SDKROOT)/Developer/Library/Frameworks",
					"$(inherited)",
					"$(DEVELOPER_FRAMEWORKS_DIR)",
				);
				GCC_PRECOMPILE_PREFIX_HEADER = YES;
				GCC_PREFIX_HEADER = "Speech/Speech-Prefix.pch";
				INFOPLIST_FILE = "SpeechTests/SpeechTests-Info.plist";
				PRODUCT_NAME = "$(TARGET_NAME)";
				TEST_HOST = "$(BUNDLE_LOADER)";
				WRAPPER_EXTENSION = xctest;
			};
			name = Release;
		};
/* End XCBuildConfiguration section */

/* Begin XCConfigurationList section */
		276D8C61190460660016E263 /* Build configuration list for PBXProject "Speech" */ = {
			isa = XCConfigurationList;
			buildConfigurations = (
				276D8C96190460660016E263 /* Debug */,
				276D8C97190460660016E263 /* Release */,
			);
			defaultConfigurationIsVisible = 0;
			defaultConfigurationName = Release;
		};
		276D8C98190460660016E263 /* Build configuration list for PBXNativeTarget "Speech" */ = {
			isa = XCConfigurationList;
			buildConfigurations = (
				276D8C99190460660016E263 /* Debug */,
				276D8C9A190460660016E263 /* Release */,
			);
			defaultConfigurationIsVisible = 0;
			defaultConfigurationName = Release;
		};
		276D8C9B190460660016E263 /* Build configuration list for PBXNativeTarget "SpeechTests" */ = {
			isa = XCConfigurationList;
			buildConfigurations = (
				276D8C9C190460660016E263 /* Debug */,
				276D8C9D190460660016E263 /* Release */,
			);
			defaultConfigurationIsVisible = 0;
			defaultConfigurationName = Release;
		};
/* End XCConfigurationList section */
	};
	rootObject = 276D8C5E190460660016E263 /* Project object */;
}
